
Microsoft Visual Studio Solution File, Format Version 12.00
# Visual Studio 15
VisualStudioVersion = 15.0.28307.168
MinimumVisualStudioVersion = 10.0.40219.1
Project("{8BC9CEB8-8B4A-11D0-8D11-00A0C91BC942}") = "SpotLights2D", "SpotLights2D.vcxproj", "{F65C82A3-0D17-4423-8DB9-3FE725AE1983}"
EndProject
Global
	GlobalSection(SolutionConfigurationPlatforms) = preSolution
		Debug|x86 = Debug|x86
		Release|x86 = Release|x86
	EndGlobalSection
	GlobalSection(ProjectConfigurationPlatforms) = postSolution
		{F65C82A3-0D17-4423-8DB9-3FE725AE1983}.Debug|x64.ActiveCfg = Debug|x64
		{F65C82A3-0D17-4423-8DB9-3FE725AE1983}.Debug|x64.Build.0 = Debug|x64
		{F65C82A3-0D17-4423-8DB9-3FE725AE1983}.Debug|x86.ActiveCfg = Debug|Win32
		{F65C82A3-0D17-4423-8DB9-3FE725AE1983}.Debug|x86.Build.0 = Debug|Win32
		{F65C82A3-0D17-4423-8DB9-3FE725AE1983}.Release|x64.ActiveCfg = Release|x64
		{F65C82A3-0D17-4423-8DB9-3FE725AE1983}.Release|x64.Build.0 = Release|x64
		{F65C82A3-0D17-4423-8DB9-3FE725AE1983}.Release|x86.ActiveCfg = Release|Win32
		{F65C82A3-0D17-4423-8DB9-3FE725AE1983}.Release|x86.Build.0 = Release|Win32
	EndGlobalSection
	GlobalSection(SolutionProperties) = preSolution
		HideSolutionNode = FALSE
	EndGlobalSection
	GlobalSection(ExtensibilityGlobals) = postSolution
		SolutionGuid = {4FB6125C-C375-4B9A-B5EE-FA9C3891F5C3}
	EndGlobalSection
EndGlobal
